
Microsoft Visual Studio Solution File, Format Version 12.00
Project("{FAE04EC0-301F-11D3-BF4B-00C04F79EFBC}") = "SparkConnect", "SparkConnect.csproj", "{57DB7F6F-4E38-48A7-9B30-FF34E0423C0E}"
EndProject
Project("{FAE04EC0-301F-11D3-BF4B-00C04F79EFBC}") = "Spark.Connect.Dotnet.GrpcClient", "..\..\shared\SparkConnect.Dotnet.GrpcClient\Spark.Connect.Dotnet.GrpcClient.csproj", "{1E73420F-C621-4540-ACFC-6DA30424412C}"
EndProject
Global
	GlobalSection(SolutionConfigurationPlatforms) = preSolution
		Debug|Any CPU = Debug|Any CPU
		Release|Any CPU = Release|Any CPU
	EndGlobalSection
	GlobalSection(ProjectConfigurationPlatforms) = postSolution
		{57DB7F6F-4E38-48A7-9B30-FF34E0423C0E}.Debug|Any CPU.ActiveCfg = Debug|Any CPU
		{57DB7F6F-4E38-48A7-9B30-FF34E0423C0E}.Debug|Any CPU.Build.0 = Debug|Any CPU
		{57DB7F6F-4E38-48A7-9B30-FF34E0423C0E}.Release|Any CPU.ActiveCfg = Release|Any CPU
		{57DB7F6F-4E38-48A7-9B30-FF34E0423C0E}.Release|Any CPU.Build.0 = Release|Any CPU
		{1E73420F-C621-4540-ACFC-6DA30424412C}.Debug|Any CPU.ActiveCfg = Debug|Any CPU
		{1E73420F-C621-4540-ACFC-6DA30424412C}.Debug|Any CPU.Build.0 = Debug|Any CPU
		{1E73420F-C621-4540-ACFC-6DA30424412C}.Release|Any CPU.ActiveCfg = Release|Any CPU
		{1E73420F-C621-4540-ACFC-6DA30424412C}.Release|Any CPU.Build.0 = Release|Any CPU
	EndGlobalSection
EndGlobal
